
Microsoft Visual Studio Solution File, Format Version 12.00
# Visual Studio Version 16
VisualStudioVersion = 16.0.30717.126
MinimumVisualStudioVersion = 10.0.40219.1
Project("{FAE04EC0-301F-11D3-BF4B-00C04F79EFBC}") = "TestProgrammation", "TestProgrammation.csproj", "{6A583B6B-3692-4C7D-8BA7-A88A971606BE}"
EndProject
Global
	GlobalSection(SolutionConfigurationPlatforms) = preSolution
		Debug|Any CPU = Debug|Any CPU
		DebugTS|Any CPU = DebugTS|Any CPU
		Release|Any CPU = Release|Any CPU
	EndGlobalSection
	GlobalSection(ProjectConfigurationPlatforms) = postSolution
		{6A583B6B-3692-4C7D-8BA7-A88A971606BE}.Debug|Any CPU.ActiveCfg = Debug|Any CPU
		{6A583B6B-3692-4C7D-8BA7-A88A971606BE}.Debug|Any CPU.Build.0 = Debug|Any CPU
		{6A583B6B-3692-4C7D-8BA7-A88A971606BE}.DebugTS|Any CPU.ActiveCfg = Debug|Any CPU
		{6A583B6B-3692-4C7D-8BA7-A88A971606BE}.DebugTS|Any CPU.Build.0 = Debug|Any CPU
		{6A583B6B-3692-4C7D-8BA7-A88A971606BE}.Release|Any CPU.ActiveCfg = Release|Any CPU
		{6A583B6B-3692-4C7D-8BA7-A88A971606BE}.Release|Any CPU.Build.0 = Release|Any CPU
	EndGlobalSection
	GlobalSection(SolutionProperties) = preSolution
		HideSolutionNode = FALSE
	EndGlobalSection
	GlobalSection(ExtensibilityGlobals) = postSolution
		SolutionGuid = {C691A97F-D005-4A8F-9CC8-3F097E14D5EC}
	EndGlobalSection
EndGlobal
